
Microsoft Visual Studio Solution File, Format Version 12.00
# Visual Studio Version 16
VisualStudioVersion = 16.0.29519.87
MinimumVisualStudioVersion = 10.0.40219.1
Project("{FAE04EC0-301F-11D3-BF4B-00C04F79EFBC}") = "AlgoritmthsHomework", "AlgoritmthsHomework\AlgoritmthsHomework.csproj", "{198236D7-C192-4DE3-B6E9-F28196C36598}"
EndProject
Global
	GlobalSection(SolutionConfigurationPlatforms) = preSolution
		Debug|Any CPU = Debug|Any CPU
		Release|Any CPU = Release|Any CPU
	EndGlobalSection
	GlobalSection(ProjectConfigurationPlatforms) = postSolution
		{198236D7-C192-4DE3-B6E9-F28196C36598}.Debug|Any CPU.ActiveCfg = Debug|Any CPU
		{198236D7-C192-4DE3-B6E9-F28196C36598}.Debug|Any CPU.Build.0 = Debug|Any CPU
		{198236D7-C192-4DE3-B6E9-F28196C36598}.Release|Any CPU.ActiveCfg = Release|Any CPU
		{198236D7-C192-4DE3-B6E9-F28196C36598}.Release|Any CPU.Build.0 = Release|Any CPU
	EndGlobalSection
	GlobalSection(SolutionProperties) = preSolution
		HideSolutionNode = FALSE
	EndGlobalSection
	GlobalSection(ExtensibilityGlobals) = postSolution
		SolutionGuid = {5C28BD32-82F0-4462-9DB5-A8520BD40BC2}
	EndGlobalSection
EndGlobal
